
Microsoft Visual Studio Solution File, Format Version 12.00
# Visual Studio Version 17
VisualStudioVersion = 17.5.002.0
MinimumVisualStudioVersion = 10.0.40219.1
Project("{9A19103F-16F7-4668-BE54-9A1E7A4F7556}") = "ObjectFactorySourceGen.ConsoleTest", "ObjectFactorySourceGen.ConsoleTest\ObjectFactorySourceGen.ConsoleTest.csproj", "{0A2DA77D-9BD7-4FE4-B8A5-413FA2190235}"
EndProject
Project("{9A19103F-16F7-4668-BE54-9A1E7A4F7556}") = "ObjectFactorySourceGen.Tests", "ObjectFactorySourceGen.Tests\ObjectFactorySourceGen.Tests.csproj", "{8B001764-F8FD-47E6-8528-7F67C55522FB}"
EndProject
Global
	GlobalSection(SolutionConfigurationPlatforms) = preSolution
		Debug|Any CPU = Debug|Any CPU
		Release|Any CPU = Release|Any CPU
	EndGlobalSection
	GlobalSection(ProjectConfigurationPlatforms) = postSolution
		{0A2DA77D-9BD7-4FE4-B8A5-413FA2190235}.Debug|Any CPU.ActiveCfg = Debug|Any CPU
		{0A2DA77D-9BD7-4FE4-B8A5-413FA2190235}.Debug|Any CPU.Build.0 = Debug|Any CPU
		{0A2DA77D-9BD7-4FE4-B8A5-413FA2190235}.Release|Any CPU.ActiveCfg = Release|Any CPU
		{0A2DA77D-9BD7-4FE4-B8A5-413FA2190235}.Release|Any CPU.Build.0 = Release|Any CPU
		{8B001764-F8FD-47E6-8528-7F67C55522FB}.Debug|Any CPU.ActiveCfg = Debug|Any CPU
		{8B001764-F8FD-47E6-8528-7F67C55522FB}.Debug|Any CPU.Build.0 = Debug|Any CPU
		{8B001764-F8FD-47E6-8528-7F67C55522FB}.Release|Any CPU.ActiveCfg = Release|Any CPU
		{8B001764-F8FD-47E6-8528-7F67C55522FB}.Release|Any CPU.Build.0 = Release|Any CPU
	EndGlobalSection
	GlobalSection(SolutionProperties) = preSolution
		HideSolutionNode = FALSE
	EndGlobalSection
	GlobalSection(ExtensibilityGlobals) = postSolution
		SolutionGuid = {EBDCAAA0-8351-42D1-B137-7F0E156BB635}
	EndGlobalSection
EndGlobal
